
Microsoft Visual Studio Solution File, Format Version 12.00
# Visual Studio Version 17
VisualStudioVersion = 17.9.34728.123
MinimumVisualStudioVersion = 10.0.40219.1
Project("{FAE04EC0-301F-11D3-BF4B-00C04F79EFBC}") = "SteamDisableGameUpdateTool", "BlockSteamUpdate\SteamDisableGameUpdateTool.csproj", "{86B19316-A3B4-4BEA-92E7-AF94C4D9184E}"
EndProject
Global
	GlobalSection(SolutionConfigurationPlatforms) = preSolution
		Debug|Any CPU = Debug|Any CPU
		Release|Any CPU = Release|Any CPU
	EndGlobalSection
	GlobalSection(ProjectConfigurationPlatforms) = postSolution
		{86B19316-A3B4-4BEA-92E7-AF94C4D9184E}.Debug|Any CPU.ActiveCfg = Debug|Any CPU
		{86B19316-A3B4-4BEA-92E7-AF94C4D9184E}.Debug|Any CPU.Build.0 = Debug|Any CPU
		{86B19316-A3B4-4BEA-92E7-AF94C4D9184E}.Release|Any CPU.ActiveCfg = Release|Any CPU
		{86B19316-A3B4-4BEA-92E7-AF94C4D9184E}.Release|Any CPU.Build.0 = Release|Any CPU
	EndGlobalSection
	GlobalSection(SolutionProperties) = preSolution
		HideSolutionNode = FALSE
	EndGlobalSection
	GlobalSection(ExtensibilityGlobals) = postSolution
		SolutionGuid = {D2C6F132-DFE1-4DD3-8263-299E9933DCC4}
	EndGlobalSection
EndGlobal
